
Microsoft Visual Studio Solution File, Format Version 12.00
# Visual Studio 15
VisualStudioVersion = 15.0.27130.2036
MinimumVisualStudioVersion = 10.0.40219.1
Project("{FAE04EC0-301F-11D3-BF4B-00C04F79EFBC}") = "NDocs.Pdf", "NDocs.Pdf\NDocs.Pdf.csproj", "{96448102-7EE5-49BF-AE2D-FFE925D2A242}"
EndProject
Project("{FAE04EC0-301F-11D3-BF4B-00C04F79EFBC}") = "NDocs.Pdf.Tests", "NDocs.Pdf.Tests\NDocs.Pdf.Tests.csproj", "{92A4A880-3F4F-4A4D-B6F4-0C3C7BC4C63A}"
EndProject
Global
	GlobalSection(SolutionConfigurationPlatforms) = preSolution
		Debug|Any CPU = Debug|Any CPU
		Release|Any CPU = Release|Any CPU
	EndGlobalSection
	GlobalSection(ProjectConfigurationPlatforms) = postSolution
		{96448102-7EE5-49BF-AE2D-FFE925D2A242}.Debug|Any CPU.ActiveCfg = Debug|Any CPU
		{96448102-7EE5-49BF-AE2D-FFE925D2A242}.Debug|Any CPU.Build.0 = Debug|Any CPU
		{96448102-7EE5-49BF-AE2D-FFE925D2A242}.Release|Any CPU.ActiveCfg = Release|Any CPU
		{96448102-7EE5-49BF-AE2D-FFE925D2A242}.Release|Any CPU.Build.0 = Release|Any CPU
		{92A4A880-3F4F-4A4D-B6F4-0C3C7BC4C63A}.Debug|Any CPU.ActiveCfg = Debug|Any CPU
		{92A4A880-3F4F-4A4D-B6F4-0C3C7BC4C63A}.Debug|Any CPU.Build.0 = Debug|Any CPU
		{92A4A880-3F4F-4A4D-B6F4-0C3C7BC4C63A}.Release|Any CPU.ActiveCfg = Release|Any CPU
		{92A4A880-3F4F-4A4D-B6F4-0C3C7BC4C63A}.Release|Any CPU.Build.0 = Release|Any CPU
	EndGlobalSection
	GlobalSection(SolutionProperties) = preSolution
		HideSolutionNode = FALSE
	EndGlobalSection
	GlobalSection(ExtensibilityGlobals) = postSolution
		SolutionGuid = {6F1E68F4-0DEF-49BA-8952-4EED6F654652}
	EndGlobalSection
EndGlobal
